
Microsoft Visual Studio Solution File, Format Version 12.00
# Visual Studio 2013
VisualStudioVersion = 12.0.21005.1
MinimumVisualStudioVersion = 10.0.40219.1
Project("{FAE04EC0-301F-11D3-BF4B-00C04F79EFBC}") = "papReader", "papReader.csproj", "{CCDDA3DB-9F87-4439-9E8A-D7D4A3C159F2}"
EndProject
Project("{FAE04EC0-301F-11D3-BF4B-00C04F79EFBC}") = "PaPReaderLib", "..\PaPReaderLib\PaPReaderLib.csproj", "{B601B2DF-06D7-447A-A6E4-B12BADBDD79E}"
EndProject
Project("{FAE04EC0-301F-11D3-BF4B-00C04F79EFBC}") = "Revista Programar Reader Win8", "..\Revista Programar Reader Win8\Revista Programar Reader Win8.csproj", "{5F797254-4169-4799-90BA-50BB0315AA08}"
EndProject
Global
	GlobalSection(SolutionConfigurationPlatforms) = preSolution
		Debug|Any CPU = Debug|Any CPU
		Debug|ARM = Debug|ARM
		Debug|x64 = Debug|x64
		Debug|x86 = Debug|x86
		Release|Any CPU = Release|Any CPU
		Release|ARM = Release|ARM
		Release|x64 = Release|x64
		Release|x86 = Release|x86
	EndGlobalSection
	GlobalSection(ProjectConfigurationPlatforms) = postSolution
		{CCDDA3DB-9F87-4439-9E8A-D7D4A3C159F2}.Debug|Any CPU.ActiveCfg = Debug|Any CPU
		{CCDDA3DB-9F87-4439-9E8A-D7D4A3C159F2}.Debug|Any CPU.Build.0 = Debug|Any CPU
		{CCDDA3DB-9F87-4439-9E8A-D7D4A3C159F2}.Debug|Any CPU.Deploy.0 = Debug|Any CPU
		{CCDDA3DB-9F87-4439-9E8A-D7D4A3C159F2}.Debug|ARM.ActiveCfg = Debug|ARM
		{CCDDA3DB-9F87-4439-9E8A-D7D4A3C159F2}.Debug|ARM.Build.0 = Debug|ARM
		{CCDDA3DB-9F87-4439-9E8A-D7D4A3C159F2}.Debug|ARM.Deploy.0 = Debug|ARM
		{CCDDA3DB-9F87-4439-9E8A-D7D4A3C159F2}.Debug|x64.ActiveCfg = Debug|x64
		{CCDDA3DB-9F87-4439-9E8A-D7D4A3C159F2}.Debug|x64.Build.0 = Debug|x64
		{CCDDA3DB-9F87-4439-9E8A-D7D4A3C159F2}.Debug|x64.Deploy.0 = Debug|x64
		{CCDDA3DB-9F87-4439-9E8A-D7D4A3C159F2}.Debug|x86.ActiveCfg = Debug|x86
		{CCDDA3DB-9F87-4439-9E8A-D7D4A3C159F2}.Debug|x86.Build.0 = Debug|x86
		{CCDDA3DB-9F87-4439-9E8A-D7D4A3C159F2}.Debug|x86.Deploy.0 = Debug|x86
		{CCDDA3DB-9F87-4439-9E8A-D7D4A3C159F2}.Release|Any CPU.ActiveCfg = Release|Any CPU
		{CCDDA3DB-9F87-4439-9E8A-D7D4A3C159F2}.Release|Any CPU.Build.0 = Release|Any CPU
		{CCDDA3DB-9F87-4439-9E8A-D7D4A3C159F2}.Release|Any CPU.Deploy.0 = Release|Any CPU
		{CCDDA3DB-9F87-4439-9E8A-D7D4A3C159F2}.Release|ARM.ActiveCfg = Release|ARM
		{CCDDA3DB-9F87-4439-9E8A-D7D4A3C159F2}.Release|ARM.Build.0 = Release|ARM
		{CCDDA3DB-9F87-4439-9E8A-D7D4A3C159F2}.Release|ARM.Deploy.0 = Release|ARM
		{CCDDA3DB-9F87-4439-9E8A-D7D4A3C159F2}.Release|x64.ActiveCfg = Release|x64
		{CCDDA3DB-9F87-4439-9E8A-D7D4A3C159F2}.Release|x64.Build.0 = Release|x64
		{CCDDA3DB-9F87-4439-9E8A-D7D4A3C159F2}.Release|x64.Deploy.0 = Release|x64
		{CCDDA3DB-9F87-4439-9E8A-D7D4A3C159F2}.Release|x86.ActiveCfg = Release|x86
		{CCDDA3DB-9F87-4439-9E8A-D7D4A3C159F2}.Release|x86.Build.0 = Release|x86
		{CCDDA3DB-9F87-4439-9E8A-D7D4A3C159F2}.Release|x86.Deploy.0 = Release|x86
		{B601B2DF-06D7-447A-A6E4-B12BADBDD79E}.Debug|Any CPU.ActiveCfg = Debug|Any CPU
		{B601B2DF-06D7-447A-A6E4-B12BADBDD79E}.Debug|Any CPU.Build.0 = Debug|Any CPU
		{B601B2DF-06D7-447A-A6E4-B12BADBDD79E}.Debug|ARM.ActiveCfg = Debug|Any CPU
		{B601B2DF-06D7-447A-A6E4-B12BADBDD79E}.Debug|x64.ActiveCfg = Debug|Any CPU
		{B601B2DF-06D7-447A-A6E4-B12BADBDD79E}.Debug|x86.ActiveCfg = Debug|Any CPU
		{B601B2DF-06D7-447A-A6E4-B12BADBDD79E}.Release|Any CPU.ActiveCfg = Release|Any CPU
		{B601B2DF-06D7-447A-A6E4-B12BADBDD79E}.Release|Any CPU.Build.0 = Release|Any CPU
		{B601B2DF-06D7-447A-A6E4-B12BADBDD79E}.Release|ARM.ActiveCfg = Release|Any CPU
		{B601B2DF-06D7-447A-A6E4-B12BADBDD79E}.Release|x64.ActiveCfg = Release|Any CPU
		{B601B2DF-06D7-447A-A6E4-B12BADBDD79E}.Release|x86.ActiveCfg = Release|Any CPU
		{5F797254-4169-4799-90BA-50BB0315AA08}.Debug|Any CPU.ActiveCfg = Debug|Any CPU
		{5F797254-4169-4799-90BA-50BB0315AA08}.Debug|Any CPU.Build.0 = Debug|Any CPU
		{5F797254-4169-4799-90BA-50BB0315AA08}.Debug|Any CPU.Deploy.0 = Debug|Any CPU
		{5F797254-4169-4799-90BA-50BB0315AA08}.Debug|ARM.ActiveCfg = Debug|ARM
		{5F797254-4169-4799-90BA-50BB0315AA08}.Debug|ARM.Build.0 = Debug|ARM
		{5F797254-4169-4799-90BA-50BB0315AA08}.Debug|ARM.Deploy.0 = Debug|ARM
		{5F797254-4169-4799-90BA-50BB0315AA08}.Debug|x64.ActiveCfg = Debug|x64
		{5F797254-4169-4799-90BA-50BB0315AA08}.Debug|x64.Build.0 = Debug|x64
		{5F797254-4169-4799-90BA-50BB0315AA08}.Debug|x64.Deploy.0 = Debug|x64
		{5F797254-4169-4799-90BA-50BB0315AA08}.Debug|x86.ActiveCfg = Debug|x86
		{5F797254-4169-4799-90BA-50BB0315AA08}.Debug|x86.Build.0 = Debug|x86
		{5F797254-4169-4799-90BA-50BB0315AA08}.Debug|x86.Deploy.0 = Debug|x86
		{5F797254-4169-4799-90BA-50BB0315AA08}.Release|Any CPU.ActiveCfg = Release|Any CPU
		{5F797254-4169-4799-90BA-50BB0315AA08}.Release|Any CPU.Build.0 = Release|Any CPU
		{5F797254-4169-4799-90BA-50BB0315AA08}.Release|Any CPU.Deploy.0 = Release|Any CPU
		{5F797254-4169-4799-90BA-50BB0315AA08}.Release|ARM.ActiveCfg = Release|ARM
		{5F797254-4169-4799-90BA-50BB0315AA08}.Release|ARM.Build.0 = Release|ARM
		{5F797254-4169-4799-90BA-50BB0315AA08}.Release|ARM.Deploy.0 = Release|ARM
		{5F797254-4169-4799-90BA-50BB0315AA08}.Release|x64.ActiveCfg = Release|x64
		{5F797254-4169-4799-90BA-50BB0315AA08}.Release|x64.Build.0 = Release|x64
		{5F797254-4169-4799-90BA-50BB0315AA08}.Release|x64.Deploy.0 = Release|x64
		{5F797254-4169-4799-90BA-50BB0315AA08}.Release|x86.ActiveCfg = Release|x86
		{5F797254-4169-4799-90BA-50BB0315AA08}.Release|x86.Build.0 = Release|x86
		{5F797254-4169-4799-90BA-50BB0315AA08}.Release|x86.Deploy.0 = Release|x86
	EndGlobalSection
	GlobalSection(SolutionProperties) = preSolution
		HideSolutionNode = FALSE
	EndGlobalSection
EndGlobal
